
Microsoft Visual Studio Solution File, Format Version 12.00
# Visual Studio Version 17
VisualStudioVersion = 17.8.34316.72
MinimumVisualStudioVersion = 10.0.40219.1
Project("{FAE04EC0-301F-11D3-BF4B-00C04F79EFBC}") = "OOP homework", "OOP homework\OOP homework.csproj", "{AFFF1BA7-D44E-48FF-87C4-8A4A2C28AA0C}"
EndProject
Global
	GlobalSection(SolutionConfigurationPlatforms) = preSolution
		Debug|Any CPU = Debug|Any CPU
		Release|Any CPU = Release|Any CPU
	EndGlobalSection
	GlobalSection(ProjectConfigurationPlatforms) = postSolution
		{AFFF1BA7-D44E-48FF-87C4-8A4A2C28AA0C}.Debug|Any CPU.ActiveCfg = Debug|Any CPU
		{AFFF1BA7-D44E-48FF-87C4-8A4A2C28AA0C}.Debug|Any CPU.Build.0 = Debug|Any CPU
		{AFFF1BA7-D44E-48FF-87C4-8A4A2C28AA0C}.Release|Any CPU.ActiveCfg = Release|Any CPU
		{AFFF1BA7-D44E-48FF-87C4-8A4A2C28AA0C}.Release|Any CPU.Build.0 = Release|Any CPU
	EndGlobalSection
	GlobalSection(SolutionProperties) = preSolution
		HideSolutionNode = FALSE
	EndGlobalSection
	GlobalSection(ExtensibilityGlobals) = postSolution
		SolutionGuid = {D9945060-9B27-4ED4-82A2-CD339F6330E6}
	EndGlobalSection
EndGlobal
